
Microsoft Visual Studio Solution File, Format Version 12.00
# Visual Studio Version 17
VisualStudioVersion = 17.9.34728.123
MinimumVisualStudioVersion = 10.0.40219.1
Project("{FAE04EC0-301F-11D3-BF4B-00C04F79EFBC}") = "WeatherAPI", "WeatherAPI\WeatherAPI.csproj", "{752B2D61-5330-41EF-BBD3-F8CB38C09102}"
EndProject
Global
	GlobalSection(SolutionConfigurationPlatforms) = preSolution
		Debug|Any CPU = Debug|Any CPU
		Release|Any CPU = Release|Any CPU
	EndGlobalSection
	GlobalSection(ProjectConfigurationPlatforms) = postSolution
		{752B2D61-5330-41EF-BBD3-F8CB38C09102}.Debug|Any CPU.ActiveCfg = Debug|Any CPU
		{752B2D61-5330-41EF-BBD3-F8CB38C09102}.Debug|Any CPU.Build.0 = Debug|Any CPU
		{752B2D61-5330-41EF-BBD3-F8CB38C09102}.Release|Any CPU.ActiveCfg = Release|Any CPU
		{752B2D61-5330-41EF-BBD3-F8CB38C09102}.Release|Any CPU.Build.0 = Release|Any CPU
	EndGlobalSection
	GlobalSection(SolutionProperties) = preSolution
		HideSolutionNode = FALSE
	EndGlobalSection
	GlobalSection(ExtensibilityGlobals) = postSolution
		SolutionGuid = {A28E2AE5-148A-4BBD-8C80-6135D8753042}
	EndGlobalSection
EndGlobal
